PODS:
  - camera_360 (0.0.1):
    - Flutter
  - camera_avfoundation (0.0.1):
    - Flutter
  - device_info_plus (0.0.1):
    - Flutter
  - Flutter (1.0.0)
  - flutter_native_image (0.0.1):
    - Flutter
  - gallery_saver (0.0.1):
    - Flutter
  - image_picker_ios (0.0.1):
    - Flutter
  - motion_sensors (0.0.1):
    - Flutter
  - package_info_plus (0.4.5):
    - Flutter
  - path_provider_foundation (0.0.1):
    - Flutter
    - FlutterMacOS
  - wakelock_plus (0.0.1):
    - Flutter

DEPENDENCIES:
  - camera_360 (from `.symlinks/plugins/camera_360/ios`)
  - camera_avfoundation (from `.symlinks/plugins/camera_avfoundation/ios`)
  - device_info_plus (from `.symlinks/plugins/device_info_plus/ios`)
  - Flutter (from `Flutter`)
  - flutter_native_image (from `.symlinks/plugins/flutter_native_image/ios`)
  - gallery_saver (from `.symlinks/plugins/gallery_saver/ios`)
  - image_picker_ios (from `.symlinks/plugins/image_picker_ios/ios`)
  - motion_sensors (from `.symlinks/plugins/motion_sensors/ios`)
  - package_info_plus (from `.symlinks/plugins/package_info_plus/ios`)
  - path_provider_foundation (from `.symlinks/plugins/path_provider_foundation/darwin`)
  - wakelock_plus (from `.symlinks/plugins/wakelock_plus/ios`)

EXTERNAL SOURCES:
  camera_360:
    :path: ".symlinks/plugins/camera_360/ios"
  camera_avfoundation:
    :path: ".symlinks/plugins/camera_avfoundation/ios"
  device_info_plus:
    :path: ".symlinks/plugins/device_info_plus/ios"
  Flutter:
    :path: Flutter
  flutter_native_image:
    :path: ".symlinks/plugins/flutter_native_image/ios"
  gallery_saver:
    :path: ".symlinks/plugins/gallery_saver/ios"
  image_picker_ios:
    :path: ".symlinks/plugins/image_picker_ios/ios"
  motion_sensors:
    :path: ".symlinks/plugins/motion_sensors/ios"
  package_info_plus:
    :path: ".symlinks/plugins/package_info_plus/ios"
  path_provider_foundation:
    :path: ".symlinks/plugins/path_provider_foundation/darwin"
  wakelock_plus:
    :path: ".symlinks/plugins/wakelock_plus/ios"

SPEC CHECKSUMS:
  camera_360: 21dbcc767560facc8acbc16f29789fd5fd99c9a6
  camera_avfoundation: 3125e8cd1a4387f6f31c6c63abb8a55892a9eeeb
  device_info_plus: 7545d84d8d1b896cb16a4ff98c19f07ec4b298ea
  Flutter: f04841e97a9d0b0a8025694d0796dd46242b2854
  flutter_native_image: 9c0b7451838484458e5b0fae007b86a4c2d4bdfe
  gallery_saver: 9fc173c9f4fcc48af53b2a9ebea1b643255be542
  image_picker_ios: 4a8aadfbb6dc30ad5141a2ce3832af9214a705b5
  motion_sensors: 03f55b7c637a7e365a0b5f9697a449f9059d5d91
  package_info_plus: fd030dabf36271f146f1f3beacd48f564b0f17f7
  path_provider_foundation: 29f094ae23ebbca9d3d0cec13889cd9060c0e943
  wakelock_plus: 8b09852c8876491e4b6d179e17dfe2a0b5f60d47

PODFILE CHECKSUM: e06eac09dd1d04c9355f9a47366838fe6536dfd5

COCOAPODS: 1.12.1
